{
  "sha256": "cb7ecfdd0f885cb1d9306d6a552b91577174b4349c1227ba01542bc6f801d46d",
  "n_items": 192,
  "seeds": 24,
  "conds": [
    "F3_FRAMED",
    "FP_POINTED",
    "F2_DEINDEXED",
    "F1_S",
    "F1_M",
    "F1_L",
    "F0_DEINDEXED",
    "F0_DISSOLVED"
  ],
  "tier": "high",
  "substrate_lines": {
    "S": 24,
    "M": 60,
    "L": 120
  },
  "note": "V10 frame-dissolution gradient; headline D_frame=e(F1_S)-e(F2) length-matched; falsifier F0_DISSOLVED-F0_DEINDEXED (compute-free)"
}
